{
    "name": "org.apache.cordova.myapp1",
    "version": "1.0.0",
    "lockfileVersion": 1,
    "requires": true,
    "dependencies": {
        "cordova-sms-plugin": {
            "version": "git+https://github.com/cordova-sms/cordova-sms-plugin.git#782c194334b0904d372e7dd228dc67ceddc8e586",
            "from": "git+https://github.com/cordova-sms/cordova-sms-plugin.git"
        }
    }
}
